
Microsoft Visual Studio Solution File, Format Version 12.00
# Visual Studio 2012
Project("{FAE04EC0-301F-11D3-BF4B-00C04F79EFBC}") = "SyntacticAnalyzer", "SyntacticAnalyzer\SyntacticAnalyzer.csproj", "{29C0BFDC-F3FE-4F5E-9E3F-9FF9C7FBF869}"
EndProject
Project("{FAE04EC0-301F-11D3-BF4B-00C04F79EFBC}") = "Analyse", "Analysis\Analyse.csproj", "{2DDA640B-0F9E-44A3-8104-07BA18A32A6B}"
EndProject
Global
	GlobalSection(SolutionConfigurationPlatforms) = preSolution
		Debug|Any CPU = Debug|Any CPU
		Release|Any CPU = Release|Any CPU
	EndGlobalSection
	GlobalSection(ProjectConfigurationPlatforms) = postSolution
		{29C0BFDC-F3FE-4F5E-9E3F-9FF9C7FBF869}.Debug|Any CPU.ActiveCfg = Debug|Any CPU
		{29C0BFDC-F3FE-4F5E-9E3F-9FF9C7FBF869}.Debug|Any CPU.Build.0 = Debug|Any CPU
		{29C0BFDC-F3FE-4F5E-9E3F-9FF9C7FBF869}.Release|Any CPU.ActiveCfg = Release|Any CPU
		{29C0BFDC-F3FE-4F5E-9E3F-9FF9C7FBF869}.Release|Any CPU.Build.0 = Release|Any CPU
		{2DDA640B-0F9E-44A3-8104-07BA18A32A6B}.Debug|Any CPU.ActiveCfg = Debug|Any CPU
		{2DDA640B-0F9E-44A3-8104-07BA18A32A6B}.Debug|Any CPU.Build.0 = Debug|Any CPU
		{2DDA640B-0F9E-44A3-8104-07BA18A32A6B}.Release|Any CPU.ActiveCfg = Release|Any CPU
		{2DDA640B-0F9E-44A3-8104-07BA18A32A6B}.Release|Any CPU.Build.0 = Release|Any CPU
	EndGlobalSection
	GlobalSection(SolutionProperties) = preSolution
		HideSolutionNode = FALSE
	EndGlobalSection
EndGlobal
